
Microsoft Visual Studio Solution File, Format Version 12.00
# Visual Studio 14
VisualStudioVersion = 14.0.25420.1
MinimumVisualStudioVersion = 10.0.40219.1
Project("{FAE04EC0-301F-11D3-BF4B-00C04F79EFBC}") = "Mobile_App", "Mobile-App\Mobile_App\Mobile_App.csproj", "{94ED1778-64E1-4125-8422-FE609B7554BE}"
EndProject
Project("{FAE04EC0-301F-11D3-BF4B-00C04F79EFBC}") = "Mobile_App.Droid", "Mobile-App\Mobile_App.Droid\Mobile_App.Droid.csproj", "{497748DA-47C9-44D2-ACAB-5728CBCD018E}"
EndProject
Project("{FAE04EC0-301F-11D3-BF4B-00C04F79EFBC}") = "frontend.Domain", "..\frontend\frontend.Domain\frontend.Domain.csproj", "{164D65E9-D4EE-4EC4-B457-7D558DFEEBF3}"
EndProject
Project("{FAE04EC0-301F-11D3-BF4B-00C04F79EFBC}") = "frontend.Repository", "..\frontend\frontend.Repository\frontend.Repository.csproj", "{7CC7CB1F-076A-4E1B-AEBF-28D9BA9EED7E}"
EndProject
Project("{FAE04EC0-301F-11D3-BF4B-00C04F79EFBC}") = "frontend.Service", "..\frontend\frontend.Service\frontend.Service.csproj", "{DB0ECC45-CE6A-48ED-9D4A-7EAA71D7E678}"
EndProject
Global
	GlobalSection(SolutionConfigurationPlatforms) = preSolution
		Ad-Hoc|Any CPU = Ad-Hoc|Any CPU
		Ad-Hoc|ARM = Ad-Hoc|ARM
		Ad-Hoc|iPhone = Ad-Hoc|iPhone
		Ad-Hoc|iPhoneSimulator = Ad-Hoc|iPhoneSimulator
		Ad-Hoc|x64 = Ad-Hoc|x64
		Ad-Hoc|x86 = Ad-Hoc|x86
		AppStore|Any CPU = AppStore|Any CPU
		AppStore|ARM = AppStore|ARM
		AppStore|iPhone = AppStore|iPhone
		AppStore|iPhoneSimulator = AppStore|iPhoneSimulator
		AppStore|x64 = AppStore|x64
		AppStore|x86 = AppStore|x86
		Debug|Any CPU = Debug|Any CPU
		Debug|ARM = Debug|ARM
		Debug|iPhone = Debug|iPhone
		Debug|iPhoneSimulator = Debug|iPhoneSimulator
		Debug|x64 = Debug|x64
		Debug|x86 = Debug|x86
		Release|Any CPU = Release|Any CPU
		Release|ARM = Release|ARM
		Release|iPhone = Release|iPhone
		Release|iPhoneSimulator = Release|iPhoneSimulator
		Release|x64 = Release|x64
		Release|x86 = Release|x86
	EndGlobalSection
	GlobalSection(ProjectConfigurationPlatforms) = postSolution
		{94ED1778-64E1-4125-8422-FE609B7554BE}.Ad-Hoc|Any CPU.ActiveCfg = Release|Any CPU
		{94ED1778-64E1-4125-8422-FE609B7554BE}.Ad-Hoc|Any CPU.Build.0 = Release|Any CPU
		{94ED1778-64E1-4125-8422-FE609B7554BE}.Ad-Hoc|ARM.ActiveCfg = Debug|Any CPU
		{94ED1778-64E1-4125-8422-FE609B7554BE}.Ad-Hoc|ARM.Build.0 = Debug|Any CPU
		{94ED1778-64E1-4125-8422-FE609B7554BE}.Ad-Hoc|iPhone.ActiveCfg = Release|Any CPU
		{94ED1778-64E1-4125-8422-FE609B7554BE}.Ad-Hoc|iPhone.Build.0 = Release|Any CPU
		{94ED1778-64E1-4125-8422-FE609B7554BE}.Ad-Hoc|iPhoneSimulator.ActiveCfg = Release|Any CPU
		{94ED1778-64E1-4125-8422-FE609B7554BE}.Ad-Hoc|iPhoneSimulator.Build.0 = Release|Any CPU
		{94ED1778-64E1-4125-8422-FE609B7554BE}.Ad-Hoc|x64.ActiveCfg = Debug|Any CPU
		{94ED1778-64E1-4125-8422-FE609B7554BE}.Ad-Hoc|x64.Build.0 = Debug|Any CPU
		{94ED1778-64E1-4125-8422-FE609B7554BE}.Ad-Hoc|x86.ActiveCfg = Debug|Any CPU
		{94ED1778-64E1-4125-8422-FE609B7554BE}.Ad-Hoc|x86.Build.0 = Debug|Any CPU
		{94ED1778-64E1-4125-8422-FE609B7554BE}.AppStore|Any CPU.ActiveCfg = Release|Any CPU
		{94ED1778-64E1-4125-8422-FE609B7554BE}.AppStore|Any CPU.Build.0 = Release|Any CPU
		{94ED1778-64E1-4125-8422-FE609B7554BE}.AppStore|ARM.ActiveCfg = Debug|Any CPU
		{94ED1778-64E1-4125-8422-FE609B7554BE}.AppStore|ARM.Build.0 = Debug|Any CPU
		{94ED1778-64E1-4125-8422-FE609B7554BE}.AppStore|iPhone.ActiveCfg = Release|Any CPU
		{94ED1778-64E1-4125-8422-FE609B7554BE}.AppStore|iPhone.Build.0 = Release|Any CPU
		{94ED1778-64E1-4125-8422-FE609B7554BE}.AppStore|iPhoneSimulator.ActiveCfg = Release|Any CPU
		{94ED1778-64E1-4125-8422-FE609B7554BE}.AppStore|iPhoneSimulator.Build.0 = Release|Any CPU
		{94ED1778-64E1-4125-8422-FE609B7554BE}.AppStore|x64.ActiveCfg = Debug|Any CPU
		{94ED1778-64E1-4125-8422-FE609B7554BE}.AppStore|x64.Build.0 = Debug|Any CPU
		{94ED1778-64E1-4125-8422-FE609B7554BE}.AppStore|x86.ActiveCfg = Debug|Any CPU
		{94ED1778-64E1-4125-8422-FE609B7554BE}.AppStore|x86.Build.0 = Debug|Any CPU
		{94ED1778-64E1-4125-8422-FE609B7554BE}.Debug|Any CPU.ActiveCfg = Debug|Any CPU
		{94ED1778-64E1-4125-8422-FE609B7554BE}.Debug|Any CPU.Build.0 = Debug|Any CPU
		{94ED1778-64E1-4125-8422-FE609B7554BE}.Debug|ARM.ActiveCfg = Debug|Any CPU
		{94ED1778-64E1-4125-8422-FE609B7554BE}.Debug|ARM.Build.0 = Debug|Any CPU
		{94ED1778-64E1-4125-8422-FE609B7554BE}.Debug|iPhone.ActiveCfg = Debug|Any CPU
		{94ED1778-64E1-4125-8422-FE609B7554BE}.Debug|iPhone.Build.0 = Debug|Any CPU
		{94ED1778-64E1-4125-8422-FE609B7554BE}.Debug|iPhoneSimulator.ActiveCfg = Debug|Any CPU
		{94ED1778-64E1-4125-8422-FE609B7554BE}.Debug|iPhoneSimulator.Build.0 = Debug|Any CPU
		{94ED1778-64E1-4125-8422-FE609B7554BE}.Debug|x64.ActiveCfg = Debug|Any CPU
		{94ED1778-64E1-4125-8422-FE609B7554BE}.Debug|x64.Build.0 = Debug|Any CPU
		{94ED1778-64E1-4125-8422-FE609B7554BE}.Debug|x86.ActiveCfg = Debug|Any CPU
		{94ED1778-64E1-4125-8422-FE609B7554BE}.Debug|x86.Build.0 = Debug|Any CPU
		{94ED1778-64E1-4125-8422-FE609B7554BE}.Release|Any CPU.ActiveCfg = Release|Any CPU
		{94ED1778-64E1-4125-8422-FE609B7554BE}.Release|Any CPU.Build.0 = Release|Any CPU
		{94ED1778-64E1-4125-8422-FE609B7554BE}.Release|ARM.ActiveCfg = Release|Any CPU
		{94ED1778-64E1-4125-8422-FE609B7554BE}.Release|ARM.Build.0 = Release|Any CPU
		{94ED1778-64E1-4125-8422-FE609B7554BE}.Release|iPhone.ActiveCfg = Release|Any CPU
		{94ED1778-64E1-4125-8422-FE609B7554BE}.Release|iPhone.Build.0 = Release|Any CPU
		{94ED1778-64E1-4125-8422-FE609B7554BE}.Release|iPhoneSimulator.ActiveCfg = Release|Any CPU
		{94ED1778-64E1-4125-8422-FE609B7554BE}.Release|iPhoneSimulator.Build.0 = Release|Any CPU
		{94ED1778-64E1-4125-8422-FE609B7554BE}.Release|x64.ActiveCfg = Release|Any CPU
		{94ED1778-64E1-4125-8422-FE609B7554BE}.Release|x64.Build.0 = Release|Any CPU
		{94ED1778-64E1-4125-8422-FE609B7554BE}.Release|x86.ActiveCfg = Release|Any CPU
		{94ED1778-64E1-4125-8422-FE609B7554BE}.Release|x86.Build.0 = Release|Any CPU
		{497748DA-47C9-44D2-ACAB-5728CBCD018E}.Ad-Hoc|Any CPU.ActiveCfg = Release|Any CPU
		{497748DA-47C9-44D2-ACAB-5728CBCD018E}.Ad-Hoc|Any CPU.Build.0 = Release|Any CPU
		{497748DA-47C9-44D2-ACAB-5728CBCD018E}.Ad-Hoc|Any CPU.Deploy.0 = Release|Any CPU
		{497748DA-47C9-44D2-ACAB-5728CBCD018E}.Ad-Hoc|ARM.ActiveCfg = Debug|Any CPU
		{497748DA-47C9-44D2-ACAB-5728CBCD018E}.Ad-Hoc|ARM.Build.0 = Debug|Any CPU
		{497748DA-47C9-44D2-ACAB-5728CBCD018E}.Ad-Hoc|ARM.Deploy.0 = Debug|Any CPU
		{497748DA-47C9-44D2-ACAB-5728CBCD018E}.Ad-Hoc|iPhone.ActiveCfg = Release|Any CPU
		{497748DA-47C9-44D2-ACAB-5728CBCD018E}.Ad-Hoc|iPhone.Build.0 = Release|Any CPU
		{497748DA-47C9-44D2-ACAB-5728CBCD018E}.Ad-Hoc|iPhone.Deploy.0 = Release|Any CPU
		{497748DA-47C9-44D2-ACAB-5728CBCD018E}.Ad-Hoc|iPhoneSimulator.ActiveCfg = Release|Any CPU
		{497748DA-47C9-44D2-ACAB-5728CBCD018E}.Ad-Hoc|iPhoneSimulator.Build.0 = Release|Any CPU
		{497748DA-47C9-44D2-ACAB-5728CBCD018E}.Ad-Hoc|iPhoneSimulator.Deploy.0 = Release|Any CPU
		{497748DA-47C9-44D2-ACAB-5728CBCD018E}.Ad-Hoc|x64.ActiveCfg = Debug|Any CPU
		{497748DA-47C9-44D2-ACAB-5728CBCD018E}.Ad-Hoc|x64.Build.0 = Debug|Any CPU
		{497748DA-47C9-44D2-ACAB-5728CBCD018E}.Ad-Hoc|x64.Deploy.0 = Debug|Any CPU
		{497748DA-47C9-44D2-ACAB-5728CBCD018E}.Ad-Hoc|x86.ActiveCfg = Debug|Any CPU
		{497748DA-47C9-44D2-ACAB-5728CBCD018E}.Ad-Hoc|x86.Build.0 = Debug|Any CPU
		{497748DA-47C9-44D2-ACAB-5728CBCD018E}.Ad-Hoc|x86.Deploy.0 = Debug|Any CPU
		{497748DA-47C9-44D2-ACAB-5728CBCD018E}.AppStore|Any CPU.ActiveCfg = Release|Any CPU
		{497748DA-47C9-44D2-ACAB-5728CBCD018E}.AppStore|Any CPU.Build.0 = Release|Any CPU
		{497748DA-47C9-44D2-ACAB-5728CBCD018E}.AppStore|Any CPU.Deploy.0 = Release|Any CPU
		{497748DA-47C9-44D2-ACAB-5728CBCD018E}.AppStore|ARM.ActiveCfg = Debug|Any CPU
		{497748DA-47C9-44D2-ACAB-5728CBCD018E}.AppStore|ARM.Build.0 = Debug|Any CPU
		{497748DA-47C9-44D2-ACAB-5728CBCD018E}.AppStore|ARM.Deploy.0 = Debug|Any CPU
		{497748DA-47C9-44D2-ACAB-5728CBCD018E}.AppStore|iPhone.ActiveCfg = Release|Any CPU
		{497748DA-47C9-44D2-ACAB-5728CBCD018E}.AppStore|iPhone.Build.0 = Release|Any CPU
		{497748DA-47C9-44D2-ACAB-5728CBCD018E}.AppStore|iPhone.Deploy.0 = Release|Any CPU
		{497748DA-47C9-44D2-ACAB-5728CBCD018E}.AppStore|iPhoneSimulator.ActiveCfg = Release|Any CPU
		{497748DA-47C9-44D2-ACAB-5728CBCD018E}.AppStore|iPhoneSimulator.Build.0 = Release|Any CPU
		{497748DA-47C9-44D2-ACAB-5728CBCD018E}.AppStore|iPhoneSimulator.Deploy.0 = Release|Any CPU
		{497748DA-47C9-44D2-ACAB-5728CBCD018E}.AppStore|x64.ActiveCfg = Debug|Any CPU
		{497748DA-47C9-44D2-ACAB-5728CBCD018E}.AppStore|x64.Build.0 = Debug|Any CPU
		{497748DA-47C9-44D2-ACAB-5728CBCD018E}.AppStore|x64.Deploy.0 = Debug|Any CPU
		{497748DA-47C9-44D2-ACAB-5728CBCD018E}.AppStore|x86.ActiveCfg = Debug|Any CPU
		{497748DA-47C9-44D2-ACAB-5728CBCD018E}.AppStore|x86.Build.0 = Debug|Any CPU
		{497748DA-47C9-44D2-ACAB-5728CBCD018E}.AppStore|x86.Deploy.0 = Debug|Any CPU
		{497748DA-47C9-44D2-ACAB-5728CBCD018E}.Debug|Any CPU.ActiveCfg = Debug|Any CPU
		{497748DA-47C9-44D2-ACAB-5728CBCD018E}.Debug|Any CPU.Build.0 = Debug|Any CPU
		{497748DA-47C9-44D2-ACAB-5728CBCD018E}.Debug|Any CPU.Deploy.0 = Debug|Any CPU
		{497748DA-47C9-44D2-ACAB-5728CBCD018E}.Debug|ARM.ActiveCfg = Debug|Any CPU
		{497748DA-47C9-44D2-ACAB-5728CBCD018E}.Debug|ARM.Build.0 = Debug|Any CPU
		{497748DA-47C9-44D2-ACAB-5728CBCD018E}.Debug|ARM.Deploy.0 = Debug|Any CPU
		{497748DA-47C9-44D2-ACAB-5728CBCD018E}.Debug|iPhone.ActiveCfg = Debug|Any CPU
		{497748DA-47C9-44D2-ACAB-5728CBCD018E}.Debug|iPhone.Build.0 = Debug|Any CPU
		{497748DA-47C9-44D2-ACAB-5728CBCD018E}.Debug|iPhone.Deploy.0 = Debug|Any CPU
		{497748DA-47C9-44D2-ACAB-5728CBCD018E}.Debug|iPhoneSimulator.ActiveCfg = Debug|Any CPU
		{497748DA-47C9-44D2-ACAB-5728CBCD018E}.Debug|iPhoneSimulator.Build.0 = Debug|Any CPU
		{497748DA-47C9-44D2-ACAB-5728CBCD018E}.Debug|iPhoneSimulator.Deploy.0 = Debug|Any CPU
		{497748DA-47C9-44D2-ACAB-5728CBCD018E}.Debug|x64.ActiveCfg = Debug|Any CPU
		{497748DA-47C9-44D2-ACAB-5728CBCD018E}.Debug|x64.Build.0 = Debug|Any CPU
		{497748DA-47C9-44D2-ACAB-5728CBCD018E}.Debug|x64.Deploy.0 = Debug|Any CPU
		{497748DA-47C9-44D2-ACAB-5728CBCD018E}.Debug|x86.ActiveCfg = Debug|Any CPU
		{497748DA-47C9-44D2-ACAB-5728CBCD018E}.Debug|x86.Build.0 = Debug|Any CPU
		{497748DA-47C9-44D2-ACAB-5728CBCD018E}.Debug|x86.Deploy.0 = Debug|Any CPU
		{497748DA-47C9-44D2-ACAB-5728CBCD018E}.Release|Any CPU.ActiveCfg = Release|Any CPU
		{497748DA-47C9-44D2-ACAB-5728CBCD018E}.Release|Any CPU.Build.0 = Release|Any CPU
		{497748DA-47C9-44D2-ACAB-5728CBCD018E}.Release|Any CPU.Deploy.0 = Release|Any CPU
		{497748DA-47C9-44D2-ACAB-5728CBCD018E}.Release|ARM.ActiveCfg = Release|Any CPU
		{497748DA-47C9-44D2-ACAB-5728CBCD018E}.Release|ARM.Build.0 = Release|Any CPU
		{497748DA-47C9-44D2-ACAB-5728CBCD018E}.Release|ARM.Deploy.0 = Release|Any CPU
		{497748DA-47C9-44D2-ACAB-5728CBCD018E}.Release|iPhone.ActiveCfg = Release|Any CPU
		{497748DA-47C9-44D2-ACAB-5728CBCD018E}.Release|iPhone.Build.0 = Release|Any CPU
		{497748DA-47C9-44D2-ACAB-5728CBCD018E}.Release|iPhone.Deploy.0 = Release|Any CPU
		{497748DA-47C9-44D2-ACAB-5728CBCD018E}.Release|iPhoneSimulator.ActiveCfg = Release|Any CPU
		{497748DA-47C9-44D2-ACAB-5728CBCD018E}.Release|iPhoneSimulator.Build.0 = Release|Any CPU
		{497748DA-47C9-44D2-ACAB-5728CBCD018E}.Release|iPhoneSimulator.Deploy.0 = Release|Any CPU
		{497748DA-47C9-44D2-ACAB-5728CBCD018E}.Release|x64.ActiveCfg = Release|Any CPU
		{497748DA-47C9-44D2-ACAB-5728CBCD018E}.Release|x64.Build.0 = Release|Any CPU
		{497748DA-47C9-44D2-ACAB-5728CBCD018E}.Release|x64.Deploy.0 = Release|Any CPU
		{497748DA-47C9-44D2-ACAB-5728CBCD018E}.Release|x86.ActiveCfg = Release|Any CPU
		{497748DA-47C9-44D2-ACAB-5728CBCD018E}.Release|x86.Build.0 = Release|Any CPU
		{497748DA-47C9-44D2-ACAB-5728CBCD018E}.Release|x86.Deploy.0 = Release|Any CPU
		{164D65E9-D4EE-4EC4-B457-7D558DFEEBF3}.Ad-Hoc|Any CPU.ActiveCfg = Release|Any CPU
		{164D65E9-D4EE-4EC4-B457-7D558DFEEBF3}.Ad-Hoc|Any CPU.Build.0 = Release|Any CPU
		{164D65E9-D4EE-4EC4-B457-7D558DFEEBF3}.Ad-Hoc|ARM.ActiveCfg = Release|ARM
		{164D65E9-D4EE-4EC4-B457-7D558DFEEBF3}.Ad-Hoc|ARM.Build.0 = Release|ARM
		{164D65E9-D4EE-4EC4-B457-7D558DFEEBF3}.Ad-Hoc|iPhone.ActiveCfg = Release|Any CPU
		{164D65E9-D4EE-4EC4-B457-7D558DFEEBF3}.Ad-Hoc|iPhone.Build.0 = Release|Any CPU
		{164D65E9-D4EE-4EC4-B457-7D558DFEEBF3}.Ad-Hoc|iPhoneSimulator.ActiveCfg = Release|Any CPU
		{164D65E9-D4EE-4EC4-B457-7D558DFEEBF3}.Ad-Hoc|iPhoneSimulator.Build.0 = Release|Any CPU
		{164D65E9-D4EE-4EC4-B457-7D558DFEEBF3}.Ad-Hoc|x64.ActiveCfg = Release|x64
		{164D65E9-D4EE-4EC4-B457-7D558DFEEBF3}.Ad-Hoc|x64.Build.0 = Release|x64
		{164D65E9-D4EE-4EC4-B457-7D558DFEEBF3}.Ad-Hoc|x86.ActiveCfg = Release|x86
		{164D65E9-D4EE-4EC4-B457-7D558DFEEBF3}.Ad-Hoc|x86.Build.0 = Release|x86
		{164D65E9-D4EE-4EC4-B457-7D558DFEEBF3}.AppStore|Any CPU.ActiveCfg = Release|Any CPU
		{164D65E9-D4EE-4EC4-B457-7D558DFEEBF3}.AppStore|Any CPU.Build.0 = Release|Any CPU
		{164D65E9-D4EE-4EC4-B457-7D558DFEEBF3}.AppStore|ARM.ActiveCfg = Release|ARM
		{164D65E9-D4EE-4EC4-B457-7D558DFEEBF3}.AppStore|ARM.Build.0 = Release|ARM
		{164D65E9-D4EE-4EC4-B457-7D558DFEEBF3}.AppStore|iPhone.ActiveCfg = Release|Any CPU
		{164D65E9-D4EE-4EC4-B457-7D558DFEEBF3}.AppStore|iPhone.Build.0 = Release|Any CPU
		{164D65E9-D4EE-4EC4-B457-7D558DFEEBF3}.AppStore|iPhoneSimulator.ActiveCfg = Release|Any CPU
		{164D65E9-D4EE-4EC4-B457-7D558DFEEBF3}.AppStore|iPhoneSimulator.Build.0 = Release|Any CPU
		{164D65E9-D4EE-4EC4-B457-7D558DFEEBF3}.AppStore|x64.ActiveCfg = Release|x64
		{164D65E9-D4EE-4EC4-B457-7D558DFEEBF3}.AppStore|x64.Build.0 = Release|x64
		{164D65E9-D4EE-4EC4-B457-7D558DFEEBF3}.AppStore|x86.ActiveCfg = Release|x86
		{164D65E9-D4EE-4EC4-B457-7D558DFEEBF3}.AppStore|x86.Build.0 = Release|x86
		{164D65E9-D4EE-4EC4-B457-7D558DFEEBF3}.Debug|Any CPU.ActiveCfg = Debug|Any CPU
		{164D65E9-D4EE-4EC4-B457-7D558DFEEBF3}.Debug|Any CPU.Build.0 = Debug|Any CPU
		{164D65E9-D4EE-4EC4-B457-7D558DFEEBF3}.Debug|ARM.ActiveCfg = Debug|ARM
		{164D65E9-D4EE-4EC4-B457-7D558DFEEBF3}.Debug|ARM.Build.0 = Debug|ARM
		{164D65E9-D4EE-4EC4-B457-7D558DFEEBF3}.Debug|iPhone.ActiveCfg = Debug|Any CPU
		{164D65E9-D4EE-4EC4-B457-7D558DFEEBF3}.Debug|iPhone.Build.0 = Debug|Any CPU
		{164D65E9-D4EE-4EC4-B457-7D558DFEEBF3}.Debug|iPhoneSimulator.ActiveCfg = Debug|Any CPU
		{164D65E9-D4EE-4EC4-B457-7D558DFEEBF3}.Debug|iPhoneSimulator.Build.0 = Debug|Any CPU
		{164D65E9-D4EE-4EC4-B457-7D558DFEEBF3}.Debug|x64.ActiveCfg = Debug|x64
		{164D65E9-D4EE-4EC4-B457-7D558DFEEBF3}.Debug|x64.Build.0 = Debug|x64
		{164D65E9-D4EE-4EC4-B457-7D558DFEEBF3}.Debug|x86.ActiveCfg = Debug|x86
		{164D65E9-D4EE-4EC4-B457-7D558DFEEBF3}.Debug|x86.Build.0 = Debug|x86
		{164D65E9-D4EE-4EC4-B457-7D558DFEEBF3}.Release|Any CPU.ActiveCfg = Release|Any CPU
		{164D65E9-D4EE-4EC4-B457-7D558DFEEBF3}.Release|Any CPU.Build.0 = Release|Any CPU
		{164D65E9-D4EE-4EC4-B457-7D558DFEEBF3}.Release|ARM.ActiveCfg = Release|ARM
		{164D65E9-D4EE-4EC4-B457-7D558DFEEBF3}.Release|ARM.Build.0 = Release|ARM
		{164D65E9-D4EE-4EC4-B457-7D558DFEEBF3}.Release|iPhone.ActiveCfg = Release|Any CPU
		{164D65E9-D4EE-4EC4-B457-7D558DFEEBF3}.Release|iPhone.Build.0 = Release|Any CPU
		{164D65E9-D4EE-4EC4-B457-7D558DFEEBF3}.Release|iPhoneSimulator.ActiveCfg = Release|Any CPU
		{164D65E9-D4EE-4EC4-B457-7D558DFEEBF3}.Release|iPhoneSimulator.Build.0 = Release|Any CPU
		{164D65E9-D4EE-4EC4-B457-7D558DFEEBF3}.Release|x64.ActiveCfg = Release|x64
		{164D65E9-D4EE-4EC4-B457-7D558DFEEBF3}.Release|x64.Build.0 = Release|x64
		{164D65E9-D4EE-4EC4-B457-7D558DFEEBF3}.Release|x86.ActiveCfg = Release|x86
		{164D65E9-D4EE-4EC4-B457-7D558DFEEBF3}.Release|x86.Build.0 = Release|x86
		{7CC7CB1F-076A-4E1B-AEBF-28D9BA9EED7E}.Ad-Hoc|Any CPU.ActiveCfg = Release|Any CPU
		{7CC7CB1F-076A-4E1B-AEBF-28D9BA9EED7E}.Ad-Hoc|Any CPU.Build.0 = Release|Any CPU
		{7CC7CB1F-076A-4E1B-AEBF-28D9BA9EED7E}.Ad-Hoc|ARM.ActiveCfg = Release|ARM
		{7CC7CB1F-076A-4E1B-AEBF-28D9BA9EED7E}.Ad-Hoc|ARM.Build.0 = Release|ARM
		{7CC7CB1F-076A-4E1B-AEBF-28D9BA9EED7E}.Ad-Hoc|iPhone.ActiveCfg = Release|Any CPU
		{7CC7CB1F-076A-4E1B-AEBF-28D9BA9EED7E}.Ad-Hoc|iPhone.Build.0 = Release|Any CPU
		{7CC7CB1F-076A-4E1B-AEBF-28D9BA9EED7E}.Ad-Hoc|iPhoneSimulator.ActiveCfg = Release|Any CPU
		{7CC7CB1F-076A-4E1B-AEBF-28D9BA9EED7E}.Ad-Hoc|iPhoneSimulator.Build.0 = Release|Any CPU
		{7CC7CB1F-076A-4E1B-AEBF-28D9BA9EED7E}.Ad-Hoc|x64.ActiveCfg = Release|x64
		{7CC7CB1F-076A-4E1B-AEBF-28D9BA9EED7E}.Ad-Hoc|x64.Build.0 = Release|x64
		{7CC7CB1F-076A-4E1B-AEBF-28D9BA9EED7E}.Ad-Hoc|x86.ActiveCfg = Release|x86
		{7CC7CB1F-076A-4E1B-AEBF-28D9BA9EED7E}.Ad-Hoc|x86.Build.0 = Release|x86
		{7CC7CB1F-076A-4E1B-AEBF-28D9BA9EED7E}.AppStore|Any CPU.ActiveCfg = Release|Any CPU
		{7CC7CB1F-076A-4E1B-AEBF-28D9BA9EED7E}.AppStore|Any CPU.Build.0 = Release|Any CPU
		{7CC7CB1F-076A-4E1B-AEBF-28D9BA9EED7E}.AppStore|ARM.ActiveCfg = Release|ARM
		{7CC7CB1F-076A-4E1B-AEBF-28D9BA9EED7E}.AppStore|ARM.Build.0 = Release|ARM
		{7CC7CB1F-076A-4E1B-AEBF-28D9BA9EED7E}.AppStore|iPhone.ActiveCfg = Release|Any CPU
		{7CC7CB1F-076A-4E1B-AEBF-28D9BA9EED7E}.AppStore|iPhone.Build.0 = Release|Any CPU
		{7CC7CB1F-076A-4E1B-AEBF-28D9BA9EED7E}.AppStore|iPhoneSimulator.ActiveCfg = Release|Any CPU
		{7CC7CB1F-076A-4E1B-AEBF-28D9BA9EED7E}.AppStore|iPhoneSimulator.Build.0 = Release|Any CPU
		{7CC7CB1F-076A-4E1B-AEBF-28D9BA9EED7E}.AppStore|x64.ActiveCfg = Release|x64
		{7CC7CB1F-076A-4E1B-AEBF-28D9BA9EED7E}.AppStore|x64.Build.0 = Release|x64
		{7CC7CB1F-076A-4E1B-AEBF-28D9BA9EED7E}.AppStore|x86.ActiveCfg = Release|x86
		{7CC7CB1F-076A-4E1B-AEBF-28D9BA9EED7E}.AppStore|x86.Build.0 = Release|x86
		{7CC7CB1F-076A-4E1B-AEBF-28D9BA9EED7E}.Debug|Any CPU.ActiveCfg = Debug|Any CPU
		{7CC7CB1F-076A-4E1B-AEBF-28D9BA9EED7E}.Debug|Any CPU.Build.0 = Debug|Any CPU
		{7CC7CB1F-076A-4E1B-AEBF-28D9BA9EED7E}.Debug|ARM.ActiveCfg = Debug|ARM
		{7CC7CB1F-076A-4E1B-AEBF-28D9BA9EED7E}.Debug|ARM.Build.0 = Debug|ARM
		{7CC7CB1F-076A-4E1B-AEBF-28D9BA9EED7E}.Debug|iPhone.ActiveCfg = Debug|Any CPU
		{7CC7CB1F-076A-4E1B-AEBF-28D9BA9EED7E}.Debug|iPhone.Build.0 = Debug|Any CPU
		{7CC7CB1F-076A-4E1B-AEBF-28D9BA9EED7E}.Debug|iPhoneSimulator.ActiveCfg = Debug|Any CPU
		{7CC7CB1F-076A-4E1B-AEBF-28D9BA9EED7E}.Debug|iPhoneSimulator.Build.0 = Debug|Any CPU
		{7CC7CB1F-076A-4E1B-AEBF-28D9BA9EED7E}.Debug|x64.ActiveCfg = Debug|x64
		{7CC7CB1F-076A-4E1B-AEBF-28D9BA9EED7E}.Debug|x64.Build.0 = Debug|x64
		{7CC7CB1F-076A-4E1B-AEBF-28D9BA9EED7E}.Debug|x86.ActiveCfg = Debug|x86
		{7CC7CB1F-076A-4E1B-AEBF-28D9BA9EED7E}.Debug|x86.Build.0 = Debug|x86
		{7CC7CB1F-076A-4E1B-AEBF-28D9BA9EED7E}.Release|Any CPU.ActiveCfg = Release|Any CPU
		{7CC7CB1F-076A-4E1B-AEBF-28D9BA9EED7E}.Release|Any CPU.Build.0 = Release|Any CPU
		{7CC7CB1F-076A-4E1B-AEBF-28D9BA9EED7E}.Release|ARM.ActiveCfg = Release|ARM
		{7CC7CB1F-076A-4E1B-AEBF-28D9BA9EED7E}.Release|ARM.Build.0 = Release|ARM
		{7CC7CB1F-076A-4E1B-AEBF-28D9BA9EED7E}.Release|iPhone.ActiveCfg = Release|Any CPU
		{7CC7CB1F-076A-4E1B-AEBF-28D9BA9EED7E}.Release|iPhone.Build.0 = Release|Any CPU
		{7CC7CB1F-076A-4E1B-AEBF-28D9BA9EED7E}.Release|iPhoneSimulator.ActiveCfg = Release|Any CPU
		{7CC7CB1F-076A-4E1B-AEBF-28D9BA9EED7E}.Release|iPhoneSimulator.Build.0 = Release|Any CPU
		{7CC7CB1F-076A-4E1B-AEBF-28D9BA9EED7E}.Release|x64.ActiveCfg = Release|x64
		{7CC7CB1F-076A-4E1B-AEBF-28D9BA9EED7E}.Release|x64.Build.0 = Release|x64
		{7CC7CB1F-076A-4E1B-AEBF-28D9BA9EED7E}.Release|x86.ActiveCfg = Release|x86
		{7CC7CB1F-076A-4E1B-AEBF-28D9BA9EED7E}.Release|x86.Build.0 = Release|x86
		{DB0ECC45-CE6A-48ED-9D4A-7EAA71D7E678}.Ad-Hoc|Any CPU.ActiveCfg = Release|Any CPU
		{DB0ECC45-CE6A-48ED-9D4A-7EAA71D7E678}.Ad-Hoc|Any CPU.Build.0 = Release|Any CPU
		{DB0ECC45-CE6A-48ED-9D4A-7EAA71D7E678}.Ad-Hoc|ARM.ActiveCfg = Release|ARM
		{DB0ECC45-CE6A-48ED-9D4A-7EAA71D7E678}.Ad-Hoc|ARM.Build.0 = Release|ARM
		{DB0ECC45-CE6A-48ED-9D4A-7EAA71D7E678}.Ad-Hoc|iPhone.ActiveCfg = Release|Any CPU
		{DB0ECC45-CE6A-48ED-9D4A-7EAA71D7E678}.Ad-Hoc|iPhone.Build.0 = Release|Any CPU
		{DB0ECC45-CE6A-48ED-9D4A-7EAA71D7E678}.Ad-Hoc|iPhoneSimulator.ActiveCfg = Release|Any CPU
		{DB0ECC45-CE6A-48ED-9D4A-7EAA71D7E678}.Ad-Hoc|iPhoneSimulator.Build.0 = Release|Any CPU
		{DB0ECC45-CE6A-48ED-9D4A-7EAA71D7E678}.Ad-Hoc|x64.ActiveCfg = Release|x64
		{DB0ECC45-CE6A-48ED-9D4A-7EAA71D7E678}.Ad-Hoc|x64.Build.0 = Release|x64
		{DB0ECC45-CE6A-48ED-9D4A-7EAA71D7E678}.Ad-Hoc|x86.ActiveCfg = Release|x86
		{DB0ECC45-CE6A-48ED-9D4A-7EAA71D7E678}.Ad-Hoc|x86.Build.0 = Release|x86
		{DB0ECC45-CE6A-48ED-9D4A-7EAA71D7E678}.AppStore|Any CPU.ActiveCfg = Release|Any CPU
		{DB0ECC45-CE6A-48ED-9D4A-7EAA71D7E678}.AppStore|Any CPU.Build.0 = Release|Any CPU
		{DB0ECC45-CE6A-48ED-9D4A-7EAA71D7E678}.AppStore|ARM.ActiveCfg = Release|ARM
		{DB0ECC45-CE6A-48ED-9D4A-7EAA71D7E678}.AppStore|ARM.Build.0 = Release|ARM
		{DB0ECC45-CE6A-48ED-9D4A-7EAA71D7E678}.AppStore|iPhone.ActiveCfg = Release|Any CPU
		{DB0ECC45-CE6A-48ED-9D4A-7EAA71D7E678}.AppStore|iPhone.Build.0 = Release|Any CPU
		{DB0ECC45-CE6A-48ED-9D4A-7EAA71D7E678}.AppStore|iPhoneSimulator.ActiveCfg = Release|Any CPU
		{DB0ECC45-CE6A-48ED-9D4A-7EAA71D7E678}.AppStore|iPhoneSimulator.Build.0 = Release|Any CPU
		{DB0ECC45-CE6A-48ED-9D4A-7EAA71D7E678}.AppStore|x64.ActiveCfg = Release|x64
		{DB0ECC45-CE6A-48ED-9D4A-7EAA71D7E678}.AppStore|x64.Build.0 = Release|x64
		{DB0ECC45-CE6A-48ED-9D4A-7EAA71D7E678}.AppStore|x86.ActiveCfg = Release|x86
		{DB0ECC45-CE6A-48ED-9D4A-7EAA71D7E678}.AppStore|x86.Build.0 = Release|x86
		{DB0ECC45-CE6A-48ED-9D4A-7EAA71D7E678}.Debug|Any CPU.ActiveCfg = Debug|Any CPU
		{DB0ECC45-CE6A-48ED-9D4A-7EAA71D7E678}.Debug|Any CPU.Build.0 = Debug|Any CPU
		{DB0ECC45-CE6A-48ED-9D4A-7EAA71D7E678}.Debug|ARM.ActiveCfg = Debug|ARM
		{DB0ECC45-CE6A-48ED-9D4A-7EAA71D7E678}.Debug|ARM.Build.0 = Debug|ARM
		{DB0ECC45-CE6A-48ED-9D4A-7EAA71D7E678}.Debug|iPhone.ActiveCfg = Debug|Any CPU
		{DB0ECC45-CE6A-48ED-9D4A-7EAA71D7E678}.Debug|iPhone.Build.0 = Debug|Any CPU
		{DB0ECC45-CE6A-48ED-9D4A-7EAA71D7E678}.Debug|iPhoneSimulator.ActiveCfg = Debug|Any CPU
		{DB0ECC45-CE6A-48ED-9D4A-7EAA71D7E678}.Debug|iPhoneSimulator.Build.0 = Debug|Any CPU
		{DB0ECC45-CE6A-48ED-9D4A-7EAA71D7E678}.Debug|x64.ActiveCfg = Debug|x64
		{DB0ECC45-CE6A-48ED-9D4A-7EAA71D7E678}.Debug|x64.Build.0 = Debug|x64
		{DB0ECC45-CE6A-48ED-9D4A-7EAA71D7E678}.Debug|x86.ActiveCfg = Debug|x86
		{DB0ECC45-CE6A-48ED-9D4A-7EAA71D7E678}.Debug|x86.Build.0 = Debug|x86
		{DB0ECC45-CE6A-48ED-9D4A-7EAA71D7E678}.Release|Any CPU.ActiveCfg = Release|Any CPU
		{DB0ECC45-CE6A-48ED-9D4A-7EAA71D7E678}.Release|Any CPU.Build.0 = Release|Any CPU
		{DB0ECC45-CE6A-48ED-9D4A-7EAA71D7E678}.Release|ARM.ActiveCfg = Release|ARM
		{DB0ECC45-CE6A-48ED-9D4A-7EAA71D7E678}.Release|ARM.Build.0 = Release|ARM
		{DB0ECC45-CE6A-48ED-9D4A-7EAA71D7E678}.Release|iPhone.ActiveCfg = Release|Any CPU
		{DB0ECC45-CE6A-48ED-9D4A-7EAA71D7E678}.Release|iPhone.Build.0 = Release|Any CPU
		{DB0ECC45-CE6A-48ED-9D4A-7EAA71D7E678}.Release|iPhoneSimulator.ActiveCfg = Release|Any CPU
		{DB0ECC45-CE6A-48ED-9D4A-7EAA71D7E678}.Release|iPhoneSimulator.Build.0 = Release|Any CPU
		{DB0ECC45-CE6A-48ED-9D4A-7EAA71D7E678}.Release|x64.ActiveCfg = Release|x64
		{DB0ECC45-CE6A-48ED-9D4A-7EAA71D7E678}.Release|x64.Build.0 = Release|x64
		{DB0ECC45-CE6A-48ED-9D4A-7EAA71D7E678}.Release|x86.ActiveCfg = Release|x86
		{DB0ECC45-CE6A-48ED-9D4A-7EAA71D7E678}.Release|x86.Build.0 = Release|x86
	EndGlobalSection
	GlobalSection(SolutionProperties) = preSolution
		HideSolutionNode = FALSE
	EndGlobalSection
EndGlobal
