
Microsoft Visual Studio Solution File, Format Version 12.00
# Visual Studio 14
VisualStudioVersion = 14.0.25420.1
MinimumVisualStudioVersion = 10.0.40219.1
Project("{FAE04EC0-301F-11D3-BF4B-00C04F79EFBC}") = "Mobile_App", "Mobile-App\Mobile_App\Mobile_App.csproj", "{59D145A7-AA56-4D31-98BA-A77353E15FC7}"
EndProject
Project("{FAE04EC0-301F-11D3-BF4B-00C04F79EFBC}") = "Mobile_App.Droid", "Mobile-App\Mobile_App.Droid\Mobile_App.Droid.csproj", "{DEB5EED7-4F3D-46F9-AA3E-7433F49F1295}"
EndProject
Project("{FAE04EC0-301F-11D3-BF4B-00C04F79EFBC}") = "front-end.Domain", "..\front-end\front-end.Domain\front-end.Domain.csproj", "{F8EF3B88-646D-48B9-97D9-04AF6A88E05E}"
EndProject
Project("{FAE04EC0-301F-11D3-BF4B-00C04F79EFBC}") = "front-end.Service", "..\front-end\front-end.Service\front-end.Service.csproj", "{782E0F91-76C1-497E-933B-C4F3F401C096}"
EndProject
Project("{FAE04EC0-301F-11D3-BF4B-00C04F79EFBC}") = "front-end.Repository", "..\front-end\front-end.Repository\front-end.Repository.csproj", "{CEB11BB6-018E-4691-9013-DA6CE228544A}"
EndProject
Global
	GlobalSection(SolutionConfigurationPlatforms) = preSolution
		Ad-Hoc|Any CPU = Ad-Hoc|Any CPU
		Ad-Hoc|ARM = Ad-Hoc|ARM
		Ad-Hoc|iPhone = Ad-Hoc|iPhone
		Ad-Hoc|iPhoneSimulator = Ad-Hoc|iPhoneSimulator
		Ad-Hoc|x64 = Ad-Hoc|x64
		Ad-Hoc|x86 = Ad-Hoc|x86
		AppStore|Any CPU = AppStore|Any CPU
		AppStore|ARM = AppStore|ARM
		AppStore|iPhone = AppStore|iPhone
		AppStore|iPhoneSimulator = AppStore|iPhoneSimulator
		AppStore|x64 = AppStore|x64
		AppStore|x86 = AppStore|x86
		Debug|Any CPU = Debug|Any CPU
		Debug|ARM = Debug|ARM
		Debug|iPhone = Debug|iPhone
		Debug|iPhoneSimulator = Debug|iPhoneSimulator
		Debug|x64 = Debug|x64
		Debug|x86 = Debug|x86
		Release|Any CPU = Release|Any CPU
		Release|ARM = Release|ARM
		Release|iPhone = Release|iPhone
		Release|iPhoneSimulator = Release|iPhoneSimulator
		Release|x64 = Release|x64
		Release|x86 = Release|x86
	EndGlobalSection
	GlobalSection(ProjectConfigurationPlatforms) = postSolution
		{59D145A7-AA56-4D31-98BA-A77353E15FC7}.Ad-Hoc|Any CPU.ActiveCfg = Release|Any CPU
		{59D145A7-AA56-4D31-98BA-A77353E15FC7}.Ad-Hoc|Any CPU.Build.0 = Release|Any CPU
		{59D145A7-AA56-4D31-98BA-A77353E15FC7}.Ad-Hoc|ARM.ActiveCfg = Debug|Any CPU
		{59D145A7-AA56-4D31-98BA-A77353E15FC7}.Ad-Hoc|ARM.Build.0 = Debug|Any CPU
		{59D145A7-AA56-4D31-98BA-A77353E15FC7}.Ad-Hoc|iPhone.ActiveCfg = Release|Any CPU
		{59D145A7-AA56-4D31-98BA-A77353E15FC7}.Ad-Hoc|iPhone.Build.0 = Release|Any CPU
		{59D145A7-AA56-4D31-98BA-A77353E15FC7}.Ad-Hoc|iPhoneSimulator.ActiveCfg = Release|Any CPU
		{59D145A7-AA56-4D31-98BA-A77353E15FC7}.Ad-Hoc|iPhoneSimulator.Build.0 = Release|Any CPU
		{59D145A7-AA56-4D31-98BA-A77353E15FC7}.Ad-Hoc|x64.ActiveCfg = Debug|Any CPU
		{59D145A7-AA56-4D31-98BA-A77353E15FC7}.Ad-Hoc|x64.Build.0 = Debug|Any CPU
		{59D145A7-AA56-4D31-98BA-A77353E15FC7}.Ad-Hoc|x86.ActiveCfg = Debug|Any CPU
		{59D145A7-AA56-4D31-98BA-A77353E15FC7}.Ad-Hoc|x86.Build.0 = Debug|Any CPU
		{59D145A7-AA56-4D31-98BA-A77353E15FC7}.AppStore|Any CPU.ActiveCfg = Release|Any CPU
		{59D145A7-AA56-4D31-98BA-A77353E15FC7}.AppStore|Any CPU.Build.0 = Release|Any CPU
		{59D145A7-AA56-4D31-98BA-A77353E15FC7}.AppStore|ARM.ActiveCfg = Debug|Any CPU
		{59D145A7-AA56-4D31-98BA-A77353E15FC7}.AppStore|ARM.Build.0 = Debug|Any CPU
		{59D145A7-AA56-4D31-98BA-A77353E15FC7}.AppStore|iPhone.ActiveCfg = Release|Any CPU
		{59D145A7-AA56-4D31-98BA-A77353E15FC7}.AppStore|iPhone.Build.0 = Release|Any CPU
		{59D145A7-AA56-4D31-98BA-A77353E15FC7}.AppStore|iPhoneSimulator.ActiveCfg = Release|Any CPU
		{59D145A7-AA56-4D31-98BA-A77353E15FC7}.AppStore|iPhoneSimulator.Build.0 = Release|Any CPU
		{59D145A7-AA56-4D31-98BA-A77353E15FC7}.AppStore|x64.ActiveCfg = Debug|Any CPU
		{59D145A7-AA56-4D31-98BA-A77353E15FC7}.AppStore|x64.Build.0 = Debug|Any CPU
		{59D145A7-AA56-4D31-98BA-A77353E15FC7}.AppStore|x86.ActiveCfg = Debug|Any CPU
		{59D145A7-AA56-4D31-98BA-A77353E15FC7}.AppStore|x86.Build.0 = Debug|Any CPU
		{59D145A7-AA56-4D31-98BA-A77353E15FC7}.Debug|Any CPU.ActiveCfg = Debug|Any CPU
		{59D145A7-AA56-4D31-98BA-A77353E15FC7}.Debug|Any CPU.Build.0 = Debug|Any CPU
		{59D145A7-AA56-4D31-98BA-A77353E15FC7}.Debug|ARM.ActiveCfg = Debug|Any CPU
		{59D145A7-AA56-4D31-98BA-A77353E15FC7}.Debug|ARM.Build.0 = Debug|Any CPU
		{59D145A7-AA56-4D31-98BA-A77353E15FC7}.Debug|iPhone.ActiveCfg = Debug|Any CPU
		{59D145A7-AA56-4D31-98BA-A77353E15FC7}.Debug|iPhone.Build.0 = Debug|Any CPU
		{59D145A7-AA56-4D31-98BA-A77353E15FC7}.Debug|iPhoneSimulator.ActiveCfg = Debug|Any CPU
		{59D145A7-AA56-4D31-98BA-A77353E15FC7}.Debug|iPhoneSimulator.Build.0 = Debug|Any CPU
		{59D145A7-AA56-4D31-98BA-A77353E15FC7}.Debug|x64.ActiveCfg = Debug|Any CPU
		{59D145A7-AA56-4D31-98BA-A77353E15FC7}.Debug|x64.Build.0 = Debug|Any CPU
		{59D145A7-AA56-4D31-98BA-A77353E15FC7}.Debug|x86.ActiveCfg = Debug|Any CPU
		{59D145A7-AA56-4D31-98BA-A77353E15FC7}.Debug|x86.Build.0 = Debug|Any CPU
		{59D145A7-AA56-4D31-98BA-A77353E15FC7}.Release|Any CPU.ActiveCfg = Release|Any CPU
		{59D145A7-AA56-4D31-98BA-A77353E15FC7}.Release|Any CPU.Build.0 = Release|Any CPU
		{59D145A7-AA56-4D31-98BA-A77353E15FC7}.Release|ARM.ActiveCfg = Release|Any CPU
		{59D145A7-AA56-4D31-98BA-A77353E15FC7}.Release|ARM.Build.0 = Release|Any CPU
		{59D145A7-AA56-4D31-98BA-A77353E15FC7}.Release|iPhone.ActiveCfg = Release|Any CPU
		{59D145A7-AA56-4D31-98BA-A77353E15FC7}.Release|iPhone.Build.0 = Release|Any CPU
		{59D145A7-AA56-4D31-98BA-A77353E15FC7}.Release|iPhoneSimulator.ActiveCfg = Release|Any CPU
		{59D145A7-AA56-4D31-98BA-A77353E15FC7}.Release|iPhoneSimulator.Build.0 = Release|Any CPU
		{59D145A7-AA56-4D31-98BA-A77353E15FC7}.Release|x64.ActiveCfg = Release|Any CPU
		{59D145A7-AA56-4D31-98BA-A77353E15FC7}.Release|x64.Build.0 = Release|Any CPU
		{59D145A7-AA56-4D31-98BA-A77353E15FC7}.Release|x86.ActiveCfg = Release|Any CPU
		{59D145A7-AA56-4D31-98BA-A77353E15FC7}.Release|x86.Build.0 = Release|Any CPU
		{DEB5EED7-4F3D-46F9-AA3E-7433F49F1295}.Ad-Hoc|Any CPU.ActiveCfg = Release|Any CPU
		{DEB5EED7-4F3D-46F9-AA3E-7433F49F1295}.Ad-Hoc|Any CPU.Build.0 = Release|Any CPU
		{DEB5EED7-4F3D-46F9-AA3E-7433F49F1295}.Ad-Hoc|Any CPU.Deploy.0 = Release|Any CPU
		{DEB5EED7-4F3D-46F9-AA3E-7433F49F1295}.Ad-Hoc|ARM.ActiveCfg = Debug|Any CPU
		{DEB5EED7-4F3D-46F9-AA3E-7433F49F1295}.Ad-Hoc|ARM.Build.0 = Debug|Any CPU
		{DEB5EED7-4F3D-46F9-AA3E-7433F49F1295}.Ad-Hoc|ARM.Deploy.0 = Debug|Any CPU
		{DEB5EED7-4F3D-46F9-AA3E-7433F49F1295}.Ad-Hoc|iPhone.ActiveCfg = Release|Any CPU
		{DEB5EED7-4F3D-46F9-AA3E-7433F49F1295}.Ad-Hoc|iPhone.Build.0 = Release|Any CPU
		{DEB5EED7-4F3D-46F9-AA3E-7433F49F1295}.Ad-Hoc|iPhone.Deploy.0 = Release|Any CPU
		{DEB5EED7-4F3D-46F9-AA3E-7433F49F1295}.Ad-Hoc|iPhoneSimulator.ActiveCfg = Release|Any CPU
		{DEB5EED7-4F3D-46F9-AA3E-7433F49F1295}.Ad-Hoc|iPhoneSimulator.Build.0 = Release|Any CPU
		{DEB5EED7-4F3D-46F9-AA3E-7433F49F1295}.Ad-Hoc|iPhoneSimulator.Deploy.0 = Release|Any CPU
		{DEB5EED7-4F3D-46F9-AA3E-7433F49F1295}.Ad-Hoc|x64.ActiveCfg = Debug|Any CPU
		{DEB5EED7-4F3D-46F9-AA3E-7433F49F1295}.Ad-Hoc|x64.Build.0 = Debug|Any CPU
		{DEB5EED7-4F3D-46F9-AA3E-7433F49F1295}.Ad-Hoc|x64.Deploy.0 = Debug|Any CPU
		{DEB5EED7-4F3D-46F9-AA3E-7433F49F1295}.Ad-Hoc|x86.ActiveCfg = Debug|Any CPU
		{DEB5EED7-4F3D-46F9-AA3E-7433F49F1295}.Ad-Hoc|x86.Build.0 = Debug|Any CPU
		{DEB5EED7-4F3D-46F9-AA3E-7433F49F1295}.Ad-Hoc|x86.Deploy.0 = Debug|Any CPU
		{DEB5EED7-4F3D-46F9-AA3E-7433F49F1295}.AppStore|Any CPU.ActiveCfg = Release|Any CPU
		{DEB5EED7-4F3D-46F9-AA3E-7433F49F1295}.AppStore|Any CPU.Build.0 = Release|Any CPU
		{DEB5EED7-4F3D-46F9-AA3E-7433F49F1295}.AppStore|Any CPU.Deploy.0 = Release|Any CPU
		{DEB5EED7-4F3D-46F9-AA3E-7433F49F1295}.AppStore|ARM.ActiveCfg = Debug|Any CPU
		{DEB5EED7-4F3D-46F9-AA3E-7433F49F1295}.AppStore|ARM.Build.0 = Debug|Any CPU
		{DEB5EED7-4F3D-46F9-AA3E-7433F49F1295}.AppStore|ARM.Deploy.0 = Debug|Any CPU
		{DEB5EED7-4F3D-46F9-AA3E-7433F49F1295}.AppStore|iPhone.ActiveCfg = Release|Any CPU
		{DEB5EED7-4F3D-46F9-AA3E-7433F49F1295}.AppStore|iPhone.Build.0 = Release|Any CPU
		{DEB5EED7-4F3D-46F9-AA3E-7433F49F1295}.AppStore|iPhone.Deploy.0 = Release|Any CPU
		{DEB5EED7-4F3D-46F9-AA3E-7433F49F1295}.AppStore|iPhoneSimulator.ActiveCfg = Release|Any CPU
		{DEB5EED7-4F3D-46F9-AA3E-7433F49F1295}.AppStore|iPhoneSimulator.Build.0 = Release|Any CPU
		{DEB5EED7-4F3D-46F9-AA3E-7433F49F1295}.AppStore|iPhoneSimulator.Deploy.0 = Release|Any CPU
		{DEB5EED7-4F3D-46F9-AA3E-7433F49F1295}.AppStore|x64.ActiveCfg = Debug|Any CPU
		{DEB5EED7-4F3D-46F9-AA3E-7433F49F1295}.AppStore|x64.Build.0 = Debug|Any CPU
		{DEB5EED7-4F3D-46F9-AA3E-7433F49F1295}.AppStore|x64.Deploy.0 = Debug|Any CPU
		{DEB5EED7-4F3D-46F9-AA3E-7433F49F1295}.AppStore|x86.ActiveCfg = Debug|Any CPU
		{DEB5EED7-4F3D-46F9-AA3E-7433F49F1295}.AppStore|x86.Build.0 = Debug|Any CPU
		{DEB5EED7-4F3D-46F9-AA3E-7433F49F1295}.AppStore|x86.Deploy.0 = Debug|Any CPU
		{DEB5EED7-4F3D-46F9-AA3E-7433F49F1295}.Debug|Any CPU.ActiveCfg = Debug|Any CPU
		{DEB5EED7-4F3D-46F9-AA3E-7433F49F1295}.Debug|Any CPU.Build.0 = Debug|Any CPU
		{DEB5EED7-4F3D-46F9-AA3E-7433F49F1295}.Debug|Any CPU.Deploy.0 = Debug|Any CPU
		{DEB5EED7-4F3D-46F9-AA3E-7433F49F1295}.Debug|ARM.ActiveCfg = Debug|Any CPU
		{DEB5EED7-4F3D-46F9-AA3E-7433F49F1295}.Debug|ARM.Build.0 = Debug|Any CPU
		{DEB5EED7-4F3D-46F9-AA3E-7433F49F1295}.Debug|ARM.Deploy.0 = Debug|Any CPU
		{DEB5EED7-4F3D-46F9-AA3E-7433F49F1295}.Debug|iPhone.ActiveCfg = Debug|Any CPU
		{DEB5EED7-4F3D-46F9-AA3E-7433F49F1295}.Debug|iPhone.Build.0 = Debug|Any CPU
		{DEB5EED7-4F3D-46F9-AA3E-7433F49F1295}.Debug|iPhone.Deploy.0 = Debug|Any CPU
		{DEB5EED7-4F3D-46F9-AA3E-7433F49F1295}.Debug|iPhoneSimulator.ActiveCfg = Debug|Any CPU
		{DEB5EED7-4F3D-46F9-AA3E-7433F49F1295}.Debug|iPhoneSimulator.Build.0 = Debug|Any CPU
		{DEB5EED7-4F3D-46F9-AA3E-7433F49F1295}.Debug|iPhoneSimulator.Deploy.0 = Debug|Any CPU
		{DEB5EED7-4F3D-46F9-AA3E-7433F49F1295}.Debug|x64.ActiveCfg = Debug|Any CPU
		{DEB5EED7-4F3D-46F9-AA3E-7433F49F1295}.Debug|x64.Build.0 = Debug|Any CPU
		{DEB5EED7-4F3D-46F9-AA3E-7433F49F1295}.Debug|x64.Deploy.0 = Debug|Any CPU
		{DEB5EED7-4F3D-46F9-AA3E-7433F49F1295}.Debug|x86.ActiveCfg = Debug|Any CPU
		{DEB5EED7-4F3D-46F9-AA3E-7433F49F1295}.Debug|x86.Build.0 = Debug|Any CPU
		{DEB5EED7-4F3D-46F9-AA3E-7433F49F1295}.Debug|x86.Deploy.0 = Debug|Any CPU
		{DEB5EED7-4F3D-46F9-AA3E-7433F49F1295}.Release|Any CPU.ActiveCfg = Release|Any CPU
		{DEB5EED7-4F3D-46F9-AA3E-7433F49F1295}.Release|Any CPU.Build.0 = Release|Any CPU
		{DEB5EED7-4F3D-46F9-AA3E-7433F49F1295}.Release|Any CPU.Deploy.0 = Release|Any CPU
		{DEB5EED7-4F3D-46F9-AA3E-7433F49F1295}.Release|ARM.ActiveCfg = Release|Any CPU
		{DEB5EED7-4F3D-46F9-AA3E-7433F49F1295}.Release|ARM.Build.0 = Release|Any CPU
		{DEB5EED7-4F3D-46F9-AA3E-7433F49F1295}.Release|ARM.Deploy.0 = Release|Any CPU
		{DEB5EED7-4F3D-46F9-AA3E-7433F49F1295}.Release|iPhone.ActiveCfg = Release|Any CPU
		{DEB5EED7-4F3D-46F9-AA3E-7433F49F1295}.Release|iPhone.Build.0 = Release|Any CPU
		{DEB5EED7-4F3D-46F9-AA3E-7433F49F1295}.Release|iPhone.Deploy.0 = Release|Any CPU
		{DEB5EED7-4F3D-46F9-AA3E-7433F49F1295}.Release|iPhoneSimulator.ActiveCfg = Release|Any CPU
		{DEB5EED7-4F3D-46F9-AA3E-7433F49F1295}.Release|iPhoneSimulator.Build.0 = Release|Any CPU
		{DEB5EED7-4F3D-46F9-AA3E-7433F49F1295}.Release|iPhoneSimulator.Deploy.0 = Release|Any CPU
		{DEB5EED7-4F3D-46F9-AA3E-7433F49F1295}.Release|x64.ActiveCfg = Release|Any CPU
		{DEB5EED7-4F3D-46F9-AA3E-7433F49F1295}.Release|x64.Build.0 = Release|Any CPU
		{DEB5EED7-4F3D-46F9-AA3E-7433F49F1295}.Release|x64.Deploy.0 = Release|Any CPU
		{DEB5EED7-4F3D-46F9-AA3E-7433F49F1295}.Release|x86.ActiveCfg = Release|Any CPU
		{DEB5EED7-4F3D-46F9-AA3E-7433F49F1295}.Release|x86.Build.0 = Release|Any CPU
		{DEB5EED7-4F3D-46F9-AA3E-7433F49F1295}.Release|x86.Deploy.0 = Release|Any CPU
		{F8EF3B88-646D-48B9-97D9-04AF6A88E05E}.Ad-Hoc|Any CPU.ActiveCfg = Release|Any CPU
		{F8EF3B88-646D-48B9-97D9-04AF6A88E05E}.Ad-Hoc|Any CPU.Build.0 = Release|Any CPU
		{F8EF3B88-646D-48B9-97D9-04AF6A88E05E}.Ad-Hoc|ARM.ActiveCfg = Release|ARM
		{F8EF3B88-646D-48B9-97D9-04AF6A88E05E}.Ad-Hoc|ARM.Build.0 = Release|ARM
		{F8EF3B88-646D-48B9-97D9-04AF6A88E05E}.Ad-Hoc|iPhone.ActiveCfg = Release|Any CPU
		{F8EF3B88-646D-48B9-97D9-04AF6A88E05E}.Ad-Hoc|iPhone.Build.0 = Release|Any CPU
		{F8EF3B88-646D-48B9-97D9-04AF6A88E05E}.Ad-Hoc|iPhoneSimulator.ActiveCfg = Release|Any CPU
		{F8EF3B88-646D-48B9-97D9-04AF6A88E05E}.Ad-Hoc|iPhoneSimulator.Build.0 = Release|Any CPU
		{F8EF3B88-646D-48B9-97D9-04AF6A88E05E}.Ad-Hoc|x64.ActiveCfg = Release|x64
		{F8EF3B88-646D-48B9-97D9-04AF6A88E05E}.Ad-Hoc|x64.Build.0 = Release|x64
		{F8EF3B88-646D-48B9-97D9-04AF6A88E05E}.Ad-Hoc|x86.ActiveCfg = Release|x86
		{F8EF3B88-646D-48B9-97D9-04AF6A88E05E}.Ad-Hoc|x86.Build.0 = Release|x86
		{F8EF3B88-646D-48B9-97D9-04AF6A88E05E}.AppStore|Any CPU.ActiveCfg = Release|Any CPU
		{F8EF3B88-646D-48B9-97D9-04AF6A88E05E}.AppStore|Any CPU.Build.0 = Release|Any CPU
		{F8EF3B88-646D-48B9-97D9-04AF6A88E05E}.AppStore|ARM.ActiveCfg = Release|ARM
		{F8EF3B88-646D-48B9-97D9-04AF6A88E05E}.AppStore|ARM.Build.0 = Release|ARM
		{F8EF3B88-646D-48B9-97D9-04AF6A88E05E}.AppStore|iPhone.ActiveCfg = Release|Any CPU
		{F8EF3B88-646D-48B9-97D9-04AF6A88E05E}.AppStore|iPhone.Build.0 = Release|Any CPU
		{F8EF3B88-646D-48B9-97D9-04AF6A88E05E}.AppStore|iPhoneSimulator.ActiveCfg = Release|Any CPU
		{F8EF3B88-646D-48B9-97D9-04AF6A88E05E}.AppStore|iPhoneSimulator.Build.0 = Release|Any CPU
		{F8EF3B88-646D-48B9-97D9-04AF6A88E05E}.AppStore|x64.ActiveCfg = Release|x64
		{F8EF3B88-646D-48B9-97D9-04AF6A88E05E}.AppStore|x64.Build.0 = Release|x64
		{F8EF3B88-646D-48B9-97D9-04AF6A88E05E}.AppStore|x86.ActiveCfg = Release|x86
		{F8EF3B88-646D-48B9-97D9-04AF6A88E05E}.AppStore|x86.Build.0 = Release|x86
		{F8EF3B88-646D-48B9-97D9-04AF6A88E05E}.Debug|Any CPU.ActiveCfg = Debug|Any CPU
		{F8EF3B88-646D-48B9-97D9-04AF6A88E05E}.Debug|Any CPU.Build.0 = Debug|Any CPU
		{F8EF3B88-646D-48B9-97D9-04AF6A88E05E}.Debug|ARM.ActiveCfg = Debug|ARM
		{F8EF3B88-646D-48B9-97D9-04AF6A88E05E}.Debug|ARM.Build.0 = Debug|ARM
		{F8EF3B88-646D-48B9-97D9-04AF6A88E05E}.Debug|iPhone.ActiveCfg = Debug|Any CPU
		{F8EF3B88-646D-48B9-97D9-04AF6A88E05E}.Debug|iPhone.Build.0 = Debug|Any CPU
		{F8EF3B88-646D-48B9-97D9-04AF6A88E05E}.Debug|iPhoneSimulator.ActiveCfg = Debug|Any CPU
		{F8EF3B88-646D-48B9-97D9-04AF6A88E05E}.Debug|iPhoneSimulator.Build.0 = Debug|Any CPU
		{F8EF3B88-646D-48B9-97D9-04AF6A88E05E}.Debug|x64.ActiveCfg = Debug|x64
		{F8EF3B88-646D-48B9-97D9-04AF6A88E05E}.Debug|x64.Build.0 = Debug|x64
		{F8EF3B88-646D-48B9-97D9-04AF6A88E05E}.Debug|x86.ActiveCfg = Debug|x86
		{F8EF3B88-646D-48B9-97D9-04AF6A88E05E}.Debug|x86.Build.0 = Debug|x86
		{F8EF3B88-646D-48B9-97D9-04AF6A88E05E}.Release|Any CPU.ActiveCfg = Release|Any CPU
		{F8EF3B88-646D-48B9-97D9-04AF6A88E05E}.Release|Any CPU.Build.0 = Release|Any CPU
		{F8EF3B88-646D-48B9-97D9-04AF6A88E05E}.Release|ARM.ActiveCfg = Release|ARM
		{F8EF3B88-646D-48B9-97D9-04AF6A88E05E}.Release|ARM.Build.0 = Release|ARM
		{F8EF3B88-646D-48B9-97D9-04AF6A88E05E}.Release|iPhone.ActiveCfg = Release|Any CPU
		{F8EF3B88-646D-48B9-97D9-04AF6A88E05E}.Release|iPhone.Build.0 = Release|Any CPU
		{F8EF3B88-646D-48B9-97D9-04AF6A88E05E}.Release|iPhoneSimulator.ActiveCfg = Release|Any CPU
		{F8EF3B88-646D-48B9-97D9-04AF6A88E05E}.Release|iPhoneSimulator.Build.0 = Release|Any CPU
		{F8EF3B88-646D-48B9-97D9-04AF6A88E05E}.Release|x64.ActiveCfg = Release|x64
		{F8EF3B88-646D-48B9-97D9-04AF6A88E05E}.Release|x64.Build.0 = Release|x64
		{F8EF3B88-646D-48B9-97D9-04AF6A88E05E}.Release|x86.ActiveCfg = Release|x86
		{F8EF3B88-646D-48B9-97D9-04AF6A88E05E}.Release|x86.Build.0 = Release|x86
		{782E0F91-76C1-497E-933B-C4F3F401C096}.Ad-Hoc|Any CPU.ActiveCfg = Release|Any CPU
		{782E0F91-76C1-497E-933B-C4F3F401C096}.Ad-Hoc|Any CPU.Build.0 = Release|Any CPU
		{782E0F91-76C1-497E-933B-C4F3F401C096}.Ad-Hoc|ARM.ActiveCfg = Release|ARM
		{782E0F91-76C1-497E-933B-C4F3F401C096}.Ad-Hoc|ARM.Build.0 = Release|ARM
		{782E0F91-76C1-497E-933B-C4F3F401C096}.Ad-Hoc|iPhone.ActiveCfg = Release|Any CPU
		{782E0F91-76C1-497E-933B-C4F3F401C096}.Ad-Hoc|iPhone.Build.0 = Release|Any CPU
		{782E0F91-76C1-497E-933B-C4F3F401C096}.Ad-Hoc|iPhoneSimulator.ActiveCfg = Release|Any CPU
		{782E0F91-76C1-497E-933B-C4F3F401C096}.Ad-Hoc|iPhoneSimulator.Build.0 = Release|Any CPU
		{782E0F91-76C1-497E-933B-C4F3F401C096}.Ad-Hoc|x64.ActiveCfg = Release|x64
		{782E0F91-76C1-497E-933B-C4F3F401C096}.Ad-Hoc|x64.Build.0 = Release|x64
		{782E0F91-76C1-497E-933B-C4F3F401C096}.Ad-Hoc|x86.ActiveCfg = Release|x86
		{782E0F91-76C1-497E-933B-C4F3F401C096}.Ad-Hoc|x86.Build.0 = Release|x86
		{782E0F91-76C1-497E-933B-C4F3F401C096}.AppStore|Any CPU.ActiveCfg = Release|Any CPU
		{782E0F91-76C1-497E-933B-C4F3F401C096}.AppStore|Any CPU.Build.0 = Release|Any CPU
		{782E0F91-76C1-497E-933B-C4F3F401C096}.AppStore|ARM.ActiveCfg = Release|ARM
		{782E0F91-76C1-497E-933B-C4F3F401C096}.AppStore|ARM.Build.0 = Release|ARM
		{782E0F91-76C1-497E-933B-C4F3F401C096}.AppStore|iPhone.ActiveCfg = Release|Any CPU
		{782E0F91-76C1-497E-933B-C4F3F401C096}.AppStore|iPhone.Build.0 = Release|Any CPU
		{782E0F91-76C1-497E-933B-C4F3F401C096}.AppStore|iPhoneSimulator.ActiveCfg = Release|Any CPU
		{782E0F91-76C1-497E-933B-C4F3F401C096}.AppStore|iPhoneSimulator.Build.0 = Release|Any CPU
		{782E0F91-76C1-497E-933B-C4F3F401C096}.AppStore|x64.ActiveCfg = Release|x64
		{782E0F91-76C1-497E-933B-C4F3F401C096}.AppStore|x64.Build.0 = Release|x64
		{782E0F91-76C1-497E-933B-C4F3F401C096}.AppStore|x86.ActiveCfg = Release|x86
		{782E0F91-76C1-497E-933B-C4F3F401C096}.AppStore|x86.Build.0 = Release|x86
		{782E0F91-76C1-497E-933B-C4F3F401C096}.Debug|Any CPU.ActiveCfg = Debug|Any CPU
		{782E0F91-76C1-497E-933B-C4F3F401C096}.Debug|Any CPU.Build.0 = Debug|Any CPU
		{782E0F91-76C1-497E-933B-C4F3F401C096}.Debug|ARM.ActiveCfg = Debug|ARM
		{782E0F91-76C1-497E-933B-C4F3F401C096}.Debug|ARM.Build.0 = Debug|ARM
		{782E0F91-76C1-497E-933B-C4F3F401C096}.Debug|iPhone.ActiveCfg = Debug|Any CPU
		{782E0F91-76C1-497E-933B-C4F3F401C096}.Debug|iPhone.Build.0 = Debug|Any CPU
		{782E0F91-76C1-497E-933B-C4F3F401C096}.Debug|iPhoneSimulator.ActiveCfg = Debug|Any CPU
		{782E0F91-76C1-497E-933B-C4F3F401C096}.Debug|iPhoneSimulator.Build.0 = Debug|Any CPU
		{782E0F91-76C1-497E-933B-C4F3F401C096}.Debug|x64.ActiveCfg = Debug|x64
		{782E0F91-76C1-497E-933B-C4F3F401C096}.Debug|x64.Build.0 = Debug|x64
		{782E0F91-76C1-497E-933B-C4F3F401C096}.Debug|x86.ActiveCfg = Debug|x86
		{782E0F91-76C1-497E-933B-C4F3F401C096}.Debug|x86.Build.0 = Debug|x86
		{782E0F91-76C1-497E-933B-C4F3F401C096}.Release|Any CPU.ActiveCfg = Release|Any CPU
		{782E0F91-76C1-497E-933B-C4F3F401C096}.Release|Any CPU.Build.0 = Release|Any CPU
		{782E0F91-76C1-497E-933B-C4F3F401C096}.Release|ARM.ActiveCfg = Release|ARM
		{782E0F91-76C1-497E-933B-C4F3F401C096}.Release|ARM.Build.0 = Release|ARM
		{782E0F91-76C1-497E-933B-C4F3F401C096}.Release|iPhone.ActiveCfg = Release|Any CPU
		{782E0F91-76C1-497E-933B-C4F3F401C096}.Release|iPhone.Build.0 = Release|Any CPU
		{782E0F91-76C1-497E-933B-C4F3F401C096}.Release|iPhoneSimulator.ActiveCfg = Release|Any CPU
		{782E0F91-76C1-497E-933B-C4F3F401C096}.Release|iPhoneSimulator.Build.0 = Release|Any CPU
		{782E0F91-76C1-497E-933B-C4F3F401C096}.Release|x64.ActiveCfg = Release|x64
		{782E0F91-76C1-497E-933B-C4F3F401C096}.Release|x64.Build.0 = Release|x64
		{782E0F91-76C1-497E-933B-C4F3F401C096}.Release|x86.ActiveCfg = Release|x86
		{782E0F91-76C1-497E-933B-C4F3F401C096}.Release|x86.Build.0 = Release|x86
		{CEB11BB6-018E-4691-9013-DA6CE228544A}.Ad-Hoc|Any CPU.ActiveCfg = Release|Any CPU
		{CEB11BB6-018E-4691-9013-DA6CE228544A}.Ad-Hoc|Any CPU.Build.0 = Release|Any CPU
		{CEB11BB6-018E-4691-9013-DA6CE228544A}.Ad-Hoc|ARM.ActiveCfg = Release|ARM
		{CEB11BB6-018E-4691-9013-DA6CE228544A}.Ad-Hoc|ARM.Build.0 = Release|ARM
		{CEB11BB6-018E-4691-9013-DA6CE228544A}.Ad-Hoc|iPhone.ActiveCfg = Release|Any CPU
		{CEB11BB6-018E-4691-9013-DA6CE228544A}.Ad-Hoc|iPhone.Build.0 = Release|Any CPU
		{CEB11BB6-018E-4691-9013-DA6CE228544A}.Ad-Hoc|iPhoneSimulator.ActiveCfg = Release|Any CPU
		{CEB11BB6-018E-4691-9013-DA6CE228544A}.Ad-Hoc|iPhoneSimulator.Build.0 = Release|Any CPU
		{CEB11BB6-018E-4691-9013-DA6CE228544A}.Ad-Hoc|x64.ActiveCfg = Release|x64
		{CEB11BB6-018E-4691-9013-DA6CE228544A}.Ad-Hoc|x64.Build.0 = Release|x64
		{CEB11BB6-018E-4691-9013-DA6CE228544A}.Ad-Hoc|x86.ActiveCfg = Release|x86
		{CEB11BB6-018E-4691-9013-DA6CE228544A}.Ad-Hoc|x86.Build.0 = Release|x86
		{CEB11BB6-018E-4691-9013-DA6CE228544A}.AppStore|Any CPU.ActiveCfg = Release|Any CPU
		{CEB11BB6-018E-4691-9013-DA6CE228544A}.AppStore|Any CPU.Build.0 = Release|Any CPU
		{CEB11BB6-018E-4691-9013-DA6CE228544A}.AppStore|ARM.ActiveCfg = Release|ARM
		{CEB11BB6-018E-4691-9013-DA6CE228544A}.AppStore|ARM.Build.0 = Release|ARM
		{CEB11BB6-018E-4691-9013-DA6CE228544A}.AppStore|iPhone.ActiveCfg = Release|Any CPU
		{CEB11BB6-018E-4691-9013-DA6CE228544A}.AppStore|iPhone.Build.0 = Release|Any CPU
		{CEB11BB6-018E-4691-9013-DA6CE228544A}.AppStore|iPhoneSimulator.ActiveCfg = Release|Any CPU
		{CEB11BB6-018E-4691-9013-DA6CE228544A}.AppStore|iPhoneSimulator.Build.0 = Release|Any CPU
		{CEB11BB6-018E-4691-9013-DA6CE228544A}.AppStore|x64.ActiveCfg = Release|x64
		{CEB11BB6-018E-4691-9013-DA6CE228544A}.AppStore|x64.Build.0 = Release|x64
		{CEB11BB6-018E-4691-9013-DA6CE228544A}.AppStore|x86.ActiveCfg = Release|x86
		{CEB11BB6-018E-4691-9013-DA6CE228544A}.AppStore|x86.Build.0 = Release|x86
		{CEB11BB6-018E-4691-9013-DA6CE228544A}.Debug|Any CPU.ActiveCfg = Debug|Any CPU
		{CEB11BB6-018E-4691-9013-DA6CE228544A}.Debug|Any CPU.Build.0 = Debug|Any CPU
		{CEB11BB6-018E-4691-9013-DA6CE228544A}.Debug|ARM.ActiveCfg = Debug|ARM
		{CEB11BB6-018E-4691-9013-DA6CE228544A}.Debug|ARM.Build.0 = Debug|ARM
		{CEB11BB6-018E-4691-9013-DA6CE228544A}.Debug|iPhone.ActiveCfg = Debug|Any CPU
		{CEB11BB6-018E-4691-9013-DA6CE228544A}.Debug|iPhone.Build.0 = Debug|Any CPU
		{CEB11BB6-018E-4691-9013-DA6CE228544A}.Debug|iPhoneSimulator.ActiveCfg = Debug|Any CPU
		{CEB11BB6-018E-4691-9013-DA6CE228544A}.Debug|iPhoneSimulator.Build.0 = Debug|Any CPU
		{CEB11BB6-018E-4691-9013-DA6CE228544A}.Debug|x64.ActiveCfg = Debug|x64
		{CEB11BB6-018E-4691-9013-DA6CE228544A}.Debug|x64.Build.0 = Debug|x64
		{CEB11BB6-018E-4691-9013-DA6CE228544A}.Debug|x86.ActiveCfg = Debug|x86
		{CEB11BB6-018E-4691-9013-DA6CE228544A}.Debug|x86.Build.0 = Debug|x86
		{CEB11BB6-018E-4691-9013-DA6CE228544A}.Release|Any CPU.ActiveCfg = Release|Any CPU
		{CEB11BB6-018E-4691-9013-DA6CE228544A}.Release|Any CPU.Build.0 = Release|Any CPU
		{CEB11BB6-018E-4691-9013-DA6CE228544A}.Release|ARM.ActiveCfg = Release|ARM
		{CEB11BB6-018E-4691-9013-DA6CE228544A}.Release|ARM.Build.0 = Release|ARM
		{CEB11BB6-018E-4691-9013-DA6CE228544A}.Release|iPhone.ActiveCfg = Release|Any CPU
		{CEB11BB6-018E-4691-9013-DA6CE228544A}.Release|iPhone.Build.0 = Release|Any CPU
		{CEB11BB6-018E-4691-9013-DA6CE228544A}.Release|iPhoneSimulator.ActiveCfg = Release|Any CPU
		{CEB11BB6-018E-4691-9013-DA6CE228544A}.Release|iPhoneSimulator.Build.0 = Release|Any CPU
		{CEB11BB6-018E-4691-9013-DA6CE228544A}.Release|x64.ActiveCfg = Release|x64
		{CEB11BB6-018E-4691-9013-DA6CE228544A}.Release|x64.Build.0 = Release|x64
		{CEB11BB6-018E-4691-9013-DA6CE228544A}.Release|x86.ActiveCfg = Release|x86
		{CEB11BB6-018E-4691-9013-DA6CE228544A}.Release|x86.Build.0 = Release|x86
	EndGlobalSection
	GlobalSection(SolutionProperties) = preSolution
		HideSolutionNode = FALSE
	EndGlobalSection
EndGlobal
