
Microsoft Visual Studio Solution File, Format Version 12.00
# Visual Studio 14
VisualStudioVersion = 14.0.24720.0
MinimumVisualStudioVersion = 10.0.40219.1
Project("{2150E333-8FDC-42A3-9474-1A3956D46DE8}") = "front-end", "front-end", "{EC6733B9-3601-44BC-A7A4-F095492F713B}"
EndProject
Project("{D954291E-2A0B-460D-934E-DC6B0785DB48}") = "front-end.Shared", "front-end\front-end.Shared\front-end.Shared.shproj", "{0EBD2382-E805-46A0-8DB8-CF11F6409F79}"
EndProject
Project("{FAE04EC0-301F-11D3-BF4B-00C04F79EFBC}") = "front-end.Windows", "front-end\front-end.Windows\front-end.Windows.csproj", "{AF32558F-CA1D-44E0-97D8-9FEB61990104}"
EndProject
Project("{FAE04EC0-301F-11D3-BF4B-00C04F79EFBC}") = "front-end.WindowsPhone", "front-end\front-end.WindowsPhone\front-end.WindowsPhone.csproj", "{EFA5AAAB-75C0-47DE-93C9-94FEEAF7A38D}"
EndProject
Project("{FAE04EC0-301F-11D3-BF4B-00C04F79EFBC}") = "front-end.Domain", "front-end.Domain\front-end.Domain.csproj", "{57D20527-7B0C-458C-A7A7-E0C211946A19}"
EndProject
Project("{FAE04EC0-301F-11D3-BF4B-00C04F79EFBC}") = "front-end.Repository", "front-end.Repository\front-end.Repository.csproj", "{61DC2EAB-D755-4E07-8072-835B63B11602}"
EndProject
Global
	GlobalSection(SharedMSBuildProjectFiles) = preSolution
		front-end\front-end.Shared\front-end.Shared.projitems*{af32558f-ca1d-44e0-97d8-9feb61990104}*SharedItemsImports = 4
		front-end\front-end.Shared\front-end.Shared.projitems*{efa5aaab-75c0-47de-93c9-94feeaf7a38d}*SharedItemsImports = 4
		front-end\front-end.Shared\front-end.Shared.projitems*{0ebd2382-e805-46a0-8db8-cf11f6409f79}*SharedItemsImports = 13
	EndGlobalSection
	GlobalSection(SolutionConfigurationPlatforms) = preSolution
		Debug|Any CPU = Debug|Any CPU
		Debug|ARM = Debug|ARM
		Debug|x64 = Debug|x64
		Debug|x86 = Debug|x86
		Release|Any CPU = Release|Any CPU
		Release|ARM = Release|ARM
		Release|x64 = Release|x64
		Release|x86 = Release|x86
	EndGlobalSection
	GlobalSection(ProjectConfigurationPlatforms) = postSolution
		{AF32558F-CA1D-44E0-97D8-9FEB61990104}.Debug|Any CPU.ActiveCfg = Debug|Any CPU
		{AF32558F-CA1D-44E0-97D8-9FEB61990104}.Debug|Any CPU.Build.0 = Debug|Any CPU
		{AF32558F-CA1D-44E0-97D8-9FEB61990104}.Debug|Any CPU.Deploy.0 = Debug|Any CPU
		{AF32558F-CA1D-44E0-97D8-9FEB61990104}.Debug|ARM.ActiveCfg = Debug|ARM
		{AF32558F-CA1D-44E0-97D8-9FEB61990104}.Debug|ARM.Build.0 = Debug|ARM
		{AF32558F-CA1D-44E0-97D8-9FEB61990104}.Debug|ARM.Deploy.0 = Debug|ARM
		{AF32558F-CA1D-44E0-97D8-9FEB61990104}.Debug|x64.ActiveCfg = Debug|x64
		{AF32558F-CA1D-44E0-97D8-9FEB61990104}.Debug|x64.Build.0 = Debug|x64
		{AF32558F-CA1D-44E0-97D8-9FEB61990104}.Debug|x64.Deploy.0 = Debug|x64
		{AF32558F-CA1D-44E0-97D8-9FEB61990104}.Debug|x86.ActiveCfg = Debug|x86
		{AF32558F-CA1D-44E0-97D8-9FEB61990104}.Debug|x86.Build.0 = Debug|x86
		{AF32558F-CA1D-44E0-97D8-9FEB61990104}.Debug|x86.Deploy.0 = Debug|x86
		{AF32558F-CA1D-44E0-97D8-9FEB61990104}.Release|Any CPU.ActiveCfg = Release|Any CPU
		{AF32558F-CA1D-44E0-97D8-9FEB61990104}.Release|Any CPU.Build.0 = Release|Any CPU
		{AF32558F-CA1D-44E0-97D8-9FEB61990104}.Release|Any CPU.Deploy.0 = Release|Any CPU
		{AF32558F-CA1D-44E0-97D8-9FEB61990104}.Release|ARM.ActiveCfg = Release|ARM
		{AF32558F-CA1D-44E0-97D8-9FEB61990104}.Release|ARM.Build.0 = Release|ARM
		{AF32558F-CA1D-44E0-97D8-9FEB61990104}.Release|ARM.Deploy.0 = Release|ARM
		{AF32558F-CA1D-44E0-97D8-9FEB61990104}.Release|x64.ActiveCfg = Release|x64
		{AF32558F-CA1D-44E0-97D8-9FEB61990104}.Release|x64.Build.0 = Release|x64
		{AF32558F-CA1D-44E0-97D8-9FEB61990104}.Release|x64.Deploy.0 = Release|x64
		{AF32558F-CA1D-44E0-97D8-9FEB61990104}.Release|x86.ActiveCfg = Release|x86
		{AF32558F-CA1D-44E0-97D8-9FEB61990104}.Release|x86.Build.0 = Release|x86
		{AF32558F-CA1D-44E0-97D8-9FEB61990104}.Release|x86.Deploy.0 = Release|x86
		{EFA5AAAB-75C0-47DE-93C9-94FEEAF7A38D}.Debug|Any CPU.ActiveCfg = Debug|Any CPU
		{EFA5AAAB-75C0-47DE-93C9-94FEEAF7A38D}.Debug|Any CPU.Build.0 = Debug|Any CPU
		{EFA5AAAB-75C0-47DE-93C9-94FEEAF7A38D}.Debug|Any CPU.Deploy.0 = Debug|Any CPU
		{EFA5AAAB-75C0-47DE-93C9-94FEEAF7A38D}.Debug|ARM.ActiveCfg = Debug|ARM
		{EFA5AAAB-75C0-47DE-93C9-94FEEAF7A38D}.Debug|ARM.Build.0 = Debug|ARM
		{EFA5AAAB-75C0-47DE-93C9-94FEEAF7A38D}.Debug|ARM.Deploy.0 = Debug|ARM
		{EFA5AAAB-75C0-47DE-93C9-94FEEAF7A38D}.Debug|x64.ActiveCfg = Debug|Any CPU
		{EFA5AAAB-75C0-47DE-93C9-94FEEAF7A38D}.Debug|x64.Build.0 = Debug|Any CPU
		{EFA5AAAB-75C0-47DE-93C9-94FEEAF7A38D}.Debug|x64.Deploy.0 = Debug|Any CPU
		{EFA5AAAB-75C0-47DE-93C9-94FEEAF7A38D}.Debug|x86.ActiveCfg = Debug|x86
		{EFA5AAAB-75C0-47DE-93C9-94FEEAF7A38D}.Debug|x86.Build.0 = Debug|x86
		{EFA5AAAB-75C0-47DE-93C9-94FEEAF7A38D}.Debug|x86.Deploy.0 = Debug|x86
		{EFA5AAAB-75C0-47DE-93C9-94FEEAF7A38D}.Release|Any CPU.ActiveCfg = Release|Any CPU
		{EFA5AAAB-75C0-47DE-93C9-94FEEAF7A38D}.Release|Any CPU.Build.0 = Release|Any CPU
		{EFA5AAAB-75C0-47DE-93C9-94FEEAF7A38D}.Release|Any CPU.Deploy.0 = Release|Any CPU
		{EFA5AAAB-75C0-47DE-93C9-94FEEAF7A38D}.Release|ARM.ActiveCfg = Release|ARM
		{EFA5AAAB-75C0-47DE-93C9-94FEEAF7A38D}.Release|ARM.Build.0 = Release|ARM
		{EFA5AAAB-75C0-47DE-93C9-94FEEAF7A38D}.Release|ARM.Deploy.0 = Release|ARM
		{EFA5AAAB-75C0-47DE-93C9-94FEEAF7A38D}.Release|x64.ActiveCfg = Release|Any CPU
		{EFA5AAAB-75C0-47DE-93C9-94FEEAF7A38D}.Release|x64.Build.0 = Release|Any CPU
		{EFA5AAAB-75C0-47DE-93C9-94FEEAF7A38D}.Release|x64.Deploy.0 = Release|Any CPU
		{EFA5AAAB-75C0-47DE-93C9-94FEEAF7A38D}.Release|x86.ActiveCfg = Release|x86
		{EFA5AAAB-75C0-47DE-93C9-94FEEAF7A38D}.Release|x86.Build.0 = Release|x86
		{EFA5AAAB-75C0-47DE-93C9-94FEEAF7A38D}.Release|x86.Deploy.0 = Release|x86
		{57D20527-7B0C-458C-A7A7-E0C211946A19}.Debug|Any CPU.ActiveCfg = Debug|Any CPU
		{57D20527-7B0C-458C-A7A7-E0C211946A19}.Debug|Any CPU.Build.0 = Debug|Any CPU
		{57D20527-7B0C-458C-A7A7-E0C211946A19}.Debug|ARM.ActiveCfg = Debug|Any CPU
		{57D20527-7B0C-458C-A7A7-E0C211946A19}.Debug|ARM.Build.0 = Debug|Any CPU
		{57D20527-7B0C-458C-A7A7-E0C211946A19}.Debug|x64.ActiveCfg = Debug|Any CPU
		{57D20527-7B0C-458C-A7A7-E0C211946A19}.Debug|x64.Build.0 = Debug|Any CPU
		{57D20527-7B0C-458C-A7A7-E0C211946A19}.Debug|x86.ActiveCfg = Debug|Any CPU
		{57D20527-7B0C-458C-A7A7-E0C211946A19}.Debug|x86.Build.0 = Debug|Any CPU
		{57D20527-7B0C-458C-A7A7-E0C211946A19}.Release|Any CPU.ActiveCfg = Release|Any CPU
		{57D20527-7B0C-458C-A7A7-E0C211946A19}.Release|Any CPU.Build.0 = Release|Any CPU
		{57D20527-7B0C-458C-A7A7-E0C211946A19}.Release|ARM.ActiveCfg = Release|Any CPU
		{57D20527-7B0C-458C-A7A7-E0C211946A19}.Release|ARM.Build.0 = Release|Any CPU
		{57D20527-7B0C-458C-A7A7-E0C211946A19}.Release|x64.ActiveCfg = Release|Any CPU
		{57D20527-7B0C-458C-A7A7-E0C211946A19}.Release|x64.Build.0 = Release|Any CPU
		{57D20527-7B0C-458C-A7A7-E0C211946A19}.Release|x86.ActiveCfg = Release|Any CPU
		{57D20527-7B0C-458C-A7A7-E0C211946A19}.Release|x86.Build.0 = Release|Any CPU
		{61DC2EAB-D755-4E07-8072-835B63B11602}.Debug|Any CPU.ActiveCfg = Debug|Any CPU
		{61DC2EAB-D755-4E07-8072-835B63B11602}.Debug|Any CPU.Build.0 = Debug|Any CPU
		{61DC2EAB-D755-4E07-8072-835B63B11602}.Debug|ARM.ActiveCfg = Debug|Any CPU
		{61DC2EAB-D755-4E07-8072-835B63B11602}.Debug|ARM.Build.0 = Debug|Any CPU
		{61DC2EAB-D755-4E07-8072-835B63B11602}.Debug|x64.ActiveCfg = Debug|Any CPU
		{61DC2EAB-D755-4E07-8072-835B63B11602}.Debug|x64.Build.0 = Debug|Any CPU
		{61DC2EAB-D755-4E07-8072-835B63B11602}.Debug|x86.ActiveCfg = Debug|Any CPU
		{61DC2EAB-D755-4E07-8072-835B63B11602}.Debug|x86.Build.0 = Debug|Any CPU
		{61DC2EAB-D755-4E07-8072-835B63B11602}.Release|Any CPU.ActiveCfg = Release|Any CPU
		{61DC2EAB-D755-4E07-8072-835B63B11602}.Release|Any CPU.Build.0 = Release|Any CPU
		{61DC2EAB-D755-4E07-8072-835B63B11602}.Release|ARM.ActiveCfg = Release|Any CPU
		{61DC2EAB-D755-4E07-8072-835B63B11602}.Release|ARM.Build.0 = Release|Any CPU
		{61DC2EAB-D755-4E07-8072-835B63B11602}.Release|x64.ActiveCfg = Release|Any CPU
		{61DC2EAB-D755-4E07-8072-835B63B11602}.Release|x64.Build.0 = Release|Any CPU
		{61DC2EAB-D755-4E07-8072-835B63B11602}.Release|x86.ActiveCfg = Release|Any CPU
		{61DC2EAB-D755-4E07-8072-835B63B11602}.Release|x86.Build.0 = Release|Any CPU
	EndGlobalSection
	GlobalSection(SolutionProperties) = preSolution
		HideSolutionNode = FALSE
	EndGlobalSection
	GlobalSection(NestedProjects) = preSolution
		{0EBD2382-E805-46A0-8DB8-CF11F6409F79} = {EC6733B9-3601-44BC-A7A4-F095492F713B}
		{AF32558F-CA1D-44E0-97D8-9FEB61990104} = {EC6733B9-3601-44BC-A7A4-F095492F713B}
		{EFA5AAAB-75C0-47DE-93C9-94FEEAF7A38D} = {EC6733B9-3601-44BC-A7A4-F095492F713B}
	EndGlobalSection
EndGlobal
